
Microsoft Visual Studio Solution File, Format Version 12.00
# Visual Studio Version 17
VisualStudioVersion = 17.3.32929.385
MinimumVisualStudioVersion = 10.0.40219.1
Project("{FAE04EC0-301F-11D3-BF4B-00C04F79EFBC}") = "EDMIService", "EDMIService\EDMIService.csproj", "{CC216A61-2C8F-4BB4-8ECD-5A84C4F786E2}"
EndProject
Global
	GlobalSection(SolutionConfigurationPlatforms) = preSolution
		Debug|Any CPU = Debug|Any CPU
		Release|Any CPU = Release|Any CPU
	EndGlobalSection
	GlobalSection(ProjectConfigurationPlatforms) = postSolution
		{CC216A61-2C8F-4BB4-8ECD-5A84C4F786E2}.Debug|Any CPU.ActiveCfg = Debug|Any CPU
		{CC216A61-2C8F-4BB4-8ECD-5A84C4F786E2}.Debug|Any CPU.Build.0 = Debug|Any CPU
		{CC216A61-2C8F-4BB4-8ECD-5A84C4F786E2}.Release|Any CPU.ActiveCfg = Release|Any CPU
		{CC216A61-2C8F-4BB4-8ECD-5A84C4F786E2}.Release|Any CPU.Build.0 = Release|Any CPU
	EndGlobalSection
	GlobalSection(SolutionProperties) = preSolution
		HideSolutionNode = FALSE
	EndGlobalSection
	GlobalSection(ExtensibilityGlobals) = postSolution
		SolutionGuid = {0D31C877-EC73-490E-ACB2-402CB39FEA5B}
	EndGlobalSection
EndGlobal
